// !$*UTF8*$!
{
	archiveVersion = 1;
	classes = {
	};
	objectVersion = 56;
	objects = {

/* Begin PBXBuildFile section */
		451098F02AB35CBD000B3BD2 /* AppDelegate.swift in Sources */ = {isa = PBXBuildFile; fileRef = 451098EF2AB35CBD000B3BD2 /* AppDelegate.swift */; };
		451098F22AB35CBD000B3BD2 /* SceneDelegate.swift in Sources */ = {isa = PBXBuildFile; fileRef = 451098F12AB35CBD000B3BD2 /* SceneDelegate.swift */; };
		451098F42AB35CBD000B3BD2 /* PostTaskViewController.swift in Sources */ = {isa = PBXBuildFile; fileRef = 451098F32AB35CBD000B3BD2 /* PostTaskViewController.swift */; };
		451098F72AB35CBD000B3BD2 /* Main.storyboard in Resources */ = {isa = PBXBuildFile; fileRef = 451098F52AB35CBD000B3BD2 /* Main.storyboard */; };
		451098F92AB35CBE000B3BD2 /* Assets.xcassets in Resources */ = {isa = PBXBuildFile; fileRef = 451098F82AB35CBE000B3BD2 /* Assets.xcassets */; };
		451098FC2AB35CBE000B3BD2 /* LaunchScreen.storyboard in Resources */ = {isa = PBXBuildFile; fileRef = 451098FA2AB35CBE000B3BD2 /* LaunchScreen.storyboard */; };
		451F106B2AC20E5600FB610D /* TasksViewController.swift in Sources */ = {isa = PBXBuildFile; fileRef = 451F106A2AC20E5600FB610D /* TasksViewController.swift */; };
		451F106D2AC20ED100FB610D /* PairingTaskCollectionViewCell.swift in Sources */ = {isa = PBXBuildFile; fileRef = 451F106C2AC20ED100FB610D /* PairingTaskCollectionViewCell.swift */; };
		451F106F2AC20F7400FB610D /* ExclusiveTaskCollectionViewCell.swift in Sources */ = {isa = PBXBuildFile; fileRef = 451F106E2AC20F7400FB610D /* ExclusiveTaskCollectionViewCell.swift */; };
		451F10712AC20FC000FB610D /* ExclusiveTaskTableViewCell.swift in Sources */ = {isa = PBXBuildFile; fileRef = 451F10702AC20FC000FB610D /* ExclusiveTaskTableViewCell.swift */; };
		451F10732AC21CA500FB610D /* ReplyTaskViewController.swift in Sources */ = {isa = PBXBuildFile; fileRef = 451F10722AC21CA500FB610D /* ReplyTaskViewController.swift */; };
		4529A2712AC16B8D00B75409 /* PostPublicImageTasksPreviewViewController.swift in Sources */ = {isa = PBXBuildFile; fileRef = 4529A2702AC16B8D00B75409 /* PostPublicImageTasksPreviewViewController.swift */; };
		4529A2732AC16BAC00B75409 /* PostPublicTextTasksPreviewViewController.swift in Sources */ = {isa = PBXBuildFile; fileRef = 4529A2722AC16BAC00B75409 /* PostPublicTextTasksPreviewViewController.swift */; };
		454AA8062AB5804400D404EC /* TaskModel.swift in Sources */ = {isa = PBXBuildFile; fileRef = 454AA8052AB5804400D404EC /* TaskModel.swift */; };
		454AA80C2AB72E2C00D404EC /* DateHelper.swift in Sources */ = {isa = PBXBuildFile; fileRef = 454AA80B2AB72E2C00D404EC /* DateHelper.swift */; };
		454AA80E2AB7457B00D404EC /* FetchTaskViewController.swift in Sources */ = {isa = PBXBuildFile; fileRef = 454AA80D2AB7457B00D404EC /* FetchTaskViewController.swift */; };
		45545BB12AB77A9A00749CFA /* TaskListTableViewCell.swift in Sources */ = {isa = PBXBuildFile; fileRef = 45545BB02AB77A9A00749CFA /* TaskListTableViewCell.swift */; };
		45545BB32AB77E1100749CFA /* MemoryModel.swift in Sources */ = {isa = PBXBuildFile; fileRef = 45545BB22AB77E1100749CFA /* MemoryModel.swift */; };
		45545BB92AB77FC400749CFA /* PostMemoryViewController.swift in Sources */ = {isa = PBXBuildFile; fileRef = 45545BB82AB77FC400749CFA /* PostMemoryViewController.swift */; };
		45545BBB2AB7856600749CFA /* FetchMemoryViewController.swift in Sources */ = {isa = PBXBuildFile; fileRef = 45545BBA2AB7856600749CFA /* FetchMemoryViewController.swift */; };
		45545BBD2AB7F4F100749CFA /* PrivateMemoryTableViewCell.swift in Sources */ = {isa = PBXBuildFile; fileRef = 45545BBC2AB7F4F100749CFA /* PrivateMemoryTableViewCell.swift */; };
		45545BBF2AB7F56800749CFA /* PublicMemoryTableViewCell.swift in Sources */ = {isa = PBXBuildFile; fileRef = 45545BBE2AB7F56800749CFA /* PublicMemoryTableViewCell.swift */; };
		45545BC12AB8175000749CFA /* GroupModel.swift in Sources */ = {isa = PBXBuildFile; fileRef = 45545BC02AB8175000749CFA /* GroupModel.swift */; };
		45545BC42AB8190400749CFA /* PostGroupViewController.swift in Sources */ = {isa = PBXBuildFile; fileRef = 45545BC32AB8190400749CFA /* PostGroupViewController.swift */; };
		45545BC62AB8374F00749CFA /* FetchGroupViewController.swift in Sources */ = {isa = PBXBuildFile; fileRef = 45545BC52AB8374F00749CFA /* FetchGroupViewController.swift */; };
		45545BC82AB839C000749CFA /* GroupsTableViewCell.swift in Sources */ = {isa = PBXBuildFile; fileRef = 45545BC72AB839C000749CFA /* GroupsTableViewCell.swift */; };
		45545BCA2AB84B8B00749CFA /* DetailGroupViewController.swift in Sources */ = {isa = PBXBuildFile; fileRef = 45545BC92AB84B8B00749CFA /* DetailGroupViewController.swift */; };
		45545BCC2AB84F8F00749CFA /* DetailGroupTableViewCell.swift in Sources */ = {isa = PBXBuildFile; fileRef = 45545BCB2AB84F8F00749CFA /* DetailGroupTableViewCell.swift */; };
		45545BCF2AB97FEE00749CFA /* MediaDownloader.swift in Sources */ = {isa = PBXBuildFile; fileRef = 45545BCE2AB97FEE00749CFA /* MediaDownloader.swift */; };
		45545BD12AB9A82700749CFA /* UserModel.swift in Sources */ = {isa = PBXBuildFile; fileRef = 45545BD02AB9A82700749CFA /* UserModel.swift */; };
		45545BD42AB9BF9A00749CFA /* FriendListViewController.swift in Sources */ = {isa = PBXBuildFile; fileRef = 45545BD32AB9BF9A00749CFA /* FriendListViewController.swift */; };
		45545BD72ABC1C2E00749CFA /* GoodThingMemoryWallViewController.swift in Sources */ = {isa = PBXBuildFile; fileRef = 45545BD62ABC1C2E00749CFA /* GoodThingMemoryWallViewController.swift */; };
		45545BD92ABC1D3D00749CFA /* MemoryImageWallTableViewCell.swift in Sources */ = {isa = PBXBuildFile; fileRef = 45545BD82ABC1D3D00749CFA /* MemoryImageWallTableViewCell.swift */; };
		45545BDB2ABC1D9600749CFA /* MemoryTextWallTableViewCell.swift in Sources */ = {isa = PBXBuildFile; fileRef = 45545BDA2ABC1D9600749CFA /* MemoryTextWallTableViewCell.swift */; };
		45545BDD2ABC469D00749CFA /* MemoryTextWallCollectionViewCell.swift in Sources */ = {isa = PBXBuildFile; fileRef = 45545BDC2ABC469D00749CFA /* MemoryTextWallCollectionViewCell.swift */; };
		45545BDF2ABC46BD00749CFA /* MemoryImageWallCollectionViewCell.swift in Sources */ = {isa = PBXBuildFile; fileRef = 45545BDE2ABC46BD00749CFA /* MemoryImageWallCollectionViewCell.swift */; };
		457C4E702ABD650600DAD357 /* MemoryWallDetailPageViewController.swift in Sources */ = {isa = PBXBuildFile; fileRef = 457C4E6F2ABD650600DAD357 /* MemoryWallDetailPageViewController.swift */; };
		457C4E722ABD68F300DAD357 /* CommentViewController.swift in Sources */ = {isa = PBXBuildFile; fileRef = 457C4E712ABD68F300DAD357 /* CommentViewController.swift */; };
		457C4E742ABD857500DAD357 /* CustomPresentationController.swift in Sources */ = {isa = PBXBuildFile; fileRef = 457C4E732ABD857500DAD357 /* CustomPresentationController.swift */; };
		457C4E772ABD8CB500DAD357 /* MemoryImageWallDetailTableViewCell.swift in Sources */ = {isa = PBXBuildFile; fileRef = 457C4E762ABD8CB500DAD357 /* MemoryImageWallDetailTableViewCell.swift */; };
		457C4E792ABD8D1100DAD357 /* MemoryTextWallDetailTableViewCell.swift in Sources */ = {isa = PBXBuildFile; fileRef = 457C4E782ABD8D1100DAD357 /* MemoryTextWallDetailTableViewCell.swift */; };
		457C4E7D2ABD908500DAD357 /* MemoryTapLikeTableViewCell.swift in Sources */ = {isa = PBXBuildFile; fileRef = 457C4E7C2ABD908500DAD357 /* MemoryTapLikeTableViewCell.swift */; };
		457C4E7F2ABD909D00DAD357 /* MemoryWallDetailSortTableViewCell.swift in Sources */ = {isa = PBXBuildFile; fileRef = 457C4E7E2ABD909D00DAD357 /* MemoryWallDetailSortTableViewCell.swift */; };
		457C4E812ABD90B000DAD357 /* MemoryCommentTableViewCell.swift in Sources */ = {isa = PBXBuildFile; fileRef = 457C4E802ABD90B000DAD357 /* MemoryCommentTableViewCell.swift */; };
		457C4E832ABEAA5F00DAD357 /* CommentModel.swift in Sources */ = {isa = PBXBuildFile; fileRef = 457C4E822ABEAA5F00DAD357 /* CommentModel.swift */; };
		459552212AB44E2900A002C8 /* GoogleService-Info.plist in Resources */ = {isa = PBXBuildFile; fileRef = 459552202AB44E2900A002C8 /* GoogleService-Info.plist */; };
		663FC1D45246E13B52209590 /* Pods_GoodThing.framework in Frameworks */ = {isa = PBXBuildFile; fileRef = A31360203529FBAE212A6E32 /* Pods_GoodThing.framework */; };
/* End PBXBuildFile section */

/* Begin PBXFileReference section */
		451098EC2AB35CBD000B3BD2 /* GoodThing.app */ = {isa = PBXFileReference; explicitFileType = wrapper.application; includeInIndex = 0; path = GoodThing.app; sourceTree = BUILT_PRODUCTS_DIR; };
		451098EF2AB35CBD000B3BD2 /* AppDelegate.swift */ = {isa = PBXFileReference; lastKnownFileType = sourcecode.swift; path = AppDelegate.swift; sourceTree = "<group>"; };
		451098F12AB35CBD000B3BD2 /* SceneDelegate.swift */ = {isa = PBXFileReference; lastKnownFileType = sourcecode.swift; path = SceneDelegate.swift; sourceTree = "<group>"; };
		451098F32AB35CBD000B3BD2 /* PostTaskViewController.swift */ = {isa = PBXFileReference; lastKnownFileType = sourcecode.swift; path = PostTaskViewController.swift; sourceTree = "<group>"; };
		451098F62AB35CBD000B3BD2 /* Base */ = {isa = PBXFileReference; lastKnownFileType = file.storyboard; name = Base; path = Base.lproj/Main.storyboard; sourceTree = "<group>"; };
		451098F82AB35CBE000B3BD2 /* Assets.xcassets */ = {isa = PBXFileReference; lastKnownFileType = folder.assetcatalog; path = Assets.xcassets; sourceTree = "<group>"; };
		451098FB2AB35CBE000B3BD2 /* Base */ = {isa = PBXFileReference; lastKnownFileType = file.storyboard; name = Base; path = Base.lproj/LaunchScreen.storyboard; sourceTree = "<group>"; };
		451098FD2AB35CBE000B3BD2 /* Info.plist */ = {isa = PBXFileReference; lastKnownFileType = text.plist.xml; path = Info.plist; sourceTree = "<group>"; };
		451F106A2AC20E5600FB610D /* TasksViewController.swift */ = {isa = PBXFileReference; lastKnownFileType = sourcecode.swift; path = TasksViewController.swift; sourceTree = "<group>"; };
		451F106C2AC20ED100FB610D /* PairingTaskCollectionViewCell.swift */ = {isa = PBXFileReference; lastKnownFileType = sourcecode.swift; path = PairingTaskCollectionViewCell.swift; sourceTree = "<group>"; };
		451F106E2AC20F7400FB610D /* ExclusiveTaskCollectionViewCell.swift */ = {isa = PBXFileReference; lastKnownFileType = sourcecode.swift; path = ExclusiveTaskCollectionViewCell.swift; sourceTree = "<group>"; };
		451F10702AC20FC000FB610D /* ExclusiveTaskTableViewCell.swift */ = {isa = PBXFileReference; lastKnownFileType = sourcecode.swift; path = ExclusiveTaskTableViewCell.swift; sourceTree = "<group>"; };
		451F10722AC21CA500FB610D /* ReplyTaskViewController.swift */ = {isa = PBXFileReference; lastKnownFileType = sourcecode.swift; path = ReplyTaskViewController.swift; sourceTree = "<group>"; };
		4529A2702AC16B8D00B75409 /* PostPublicImageTasksPreviewViewController.swift */ = {isa = PBXFileReference; lastKnownFileType = sourcecode.swift; path = PostPublicImageTasksPreviewViewController.swift; sourceTree = "<group>"; };
		4529A2722AC16BAC00B75409 /* PostPublicTextTasksPreviewViewController.swift */ = {isa = PBXFileReference; lastKnownFileType = sourcecode.swift; path = PostPublicTextTasksPreviewViewController.swift; sourceTree = "<group>"; };
		454AA8052AB5804400D404EC /* TaskModel.swift */ = {isa = PBXFileReference; lastKnownFileType = sourcecode.swift; path = TaskModel.swift; sourceTree = "<group>"; };
		454AA80B2AB72E2C00D404EC /* DateHelper.swift */ = {isa = PBXFileReference; lastKnownFileType = sourcecode.swift; path = DateHelper.swift; sourceTree = "<group>"; };
		454AA80D2AB7457B00D404EC /* FetchTaskViewController.swift */ = {isa = PBXFileReference; lastKnownFileType = sourcecode.swift; path = FetchTaskViewController.swift; sourceTree = "<group>"; };
		45545BB02AB77A9A00749CFA /* TaskListTableViewCell.swift */ = {isa = PBXFileReference; lastKnownFileType = sourcecode.swift; path = TaskListTableViewCell.swift; sourceTree = "<group>"; };
		45545BB22AB77E1100749CFA /* MemoryModel.swift */ = {isa = PBXFileReference; lastKnownFileType = sourcecode.swift; path = MemoryModel.swift; sourceTree = "<group>"; };
		45545BB82AB77FC400749CFA /* PostMemoryViewController.swift */ = {isa = PBXFileReference; lastKnownFileType = sourcecode.swift; path = PostMemoryViewController.swift; sourceTree = "<group>"; };
		45545BBA2AB7856600749CFA /* FetchMemoryViewController.swift */ = {isa = PBXFileReference; lastKnownFileType = sourcecode.swift; path = FetchMemoryViewController.swift; sourceTree = "<group>"; };
		45545BBC2AB7F4F100749CFA /* PrivateMemoryTableViewCell.swift */ = {isa = PBXFileReference; lastKnownFileType = sourcecode.swift; path = PrivateMemoryTableViewCell.swift; sourceTree = "<group>"; };
		45545BBE2AB7F56800749CFA /* PublicMemoryTableViewCell.swift */ = {isa = PBXFileReference; lastKnownFileType = sourcecode.swift; path = PublicMemoryTableViewCell.swift; sourceTree = "<group>"; };
		45545BC02AB8175000749CFA /* GroupModel.swift */ = {isa = PBXFileReference; lastKnownFileType = sourcecode.swift; path = GroupModel.swift; sourceTree = "<group>"; };
		45545BC32AB8190400749CFA /* PostGroupViewController.swift */ = {isa = PBXFileReference; lastKnownFileType = sourcecode.swift; path = PostGroupViewController.swift; sourceTree = "<group>"; };
		45545BC52AB8374F00749CFA /* FetchGroupViewController.swift */ = {isa = PBXFileReference; lastKnownFileType = sourcecode.swift; path = FetchGroupViewController.swift; sourceTree = "<group>"; };
		45545BC72AB839C000749CFA /* GroupsTableViewCell.swift */ = {isa = PBXFileReference; lastKnownFileType = sourcecode.swift; path = GroupsTableViewCell.swift; sourceTree = "<group>"; };
		45545BC92AB84B8B00749CFA /* DetailGroupViewController.swift */ = {isa = PBXFileReference; lastKnownFileType = sourcecode.swift; path = DetailGroupViewController.swift; sourceTree = "<group>"; };
		45545BCB2AB84F8F00749CFA /* DetailGroupTableViewCell.swift */ = {isa = PBXFileReference; lastKnownFileType = sourcecode.swift; path = DetailGroupTableViewCell.swift; sourceTree = "<group>"; };
		45545BCE2AB97FEE00749CFA /* MediaDownloader.swift */ = {isa = PBXFileReference; lastKnownFileType = sourcecode.swift; path = MediaDownloader.swift; sourceTree = "<group>"; };
		45545BD02AB9A82700749CFA /* UserModel.swift */ = {isa = PBXFileReference; lastKnownFileType = sourcecode.swift; path = UserModel.swift; sourceTree = "<group>"; };
		45545BD32AB9BF9A00749CFA /* FriendListViewController.swift */ = {isa = PBXFileReference; lastKnownFileType = sourcecode.swift; path = FriendListViewController.swift; sourceTree = "<group>"; };
		45545BD62ABC1C2E00749CFA /* GoodThingMemoryWallViewController.swift */ = {isa = PBXFileReference; lastKnownFileType = sourcecode.swift; path = GoodThingMemoryWallViewController.swift; sourceTree = "<group>"; };
		45545BD82ABC1D3D00749CFA /* MemoryImageWallTableViewCell.swift */ = {isa = PBXFileReference; lastKnownFileType = sourcecode.swift; path = MemoryImageWallTableViewCell.swift; sourceTree = "<group>"; };
		45545BDA2ABC1D9600749CFA /* MemoryTextWallTableViewCell.swift */ = {isa = PBXFileReference; lastKnownFileType = sourcecode.swift; path = MemoryTextWallTableViewCell.swift; sourceTree = "<group>"; };
		45545BDC2ABC469D00749CFA /* MemoryTextWallCollectionViewCell.swift */ = {isa = PBXFileReference; lastKnownFileType = sourcecode.swift; path = MemoryTextWallCollectionViewCell.swift; sourceTree = "<group>"; };
		45545BDE2ABC46BD00749CFA /* MemoryImageWallCollectionViewCell.swift */ = {isa = PBXFileReference; lastKnownFileType = sourcecode.swift; path = MemoryImageWallCollectionViewCell.swift; sourceTree = "<group>"; };
		457C4E6F2ABD650600DAD357 /* MemoryWallDetailPageViewController.swift */ = {isa = PBXFileReference; lastKnownFileType = sourcecode.swift; path = MemoryWallDetailPageViewController.swift; sourceTree = "<group>"; };
		457C4E712ABD68F300DAD357 /* CommentViewController.swift */ = {isa = PBXFileReference; lastKnownFileType = sourcecode.swift; path = CommentViewController.swift; sourceTree = "<group>"; };
		457C4E732ABD857500DAD357 /* CustomPresentationController.swift */ = {isa = PBXFileReference; lastKnownFileType = sourcecode.swift; path = CustomPresentationController.swift; sourceTree = "<group>"; };
		457C4E762ABD8CB500DAD357 /* MemoryImageWallDetailTableViewCell.swift */ = {isa = PBXFileReference; lastKnownFileType = sourcecode.swift; path = MemoryImageWallDetailTableViewCell.swift; sourceTree = "<group>"; };
		457C4E782ABD8D1100DAD357 /* MemoryTextWallDetailTableViewCell.swift */ = {isa = PBXFileReference; lastKnownFileType = sourcecode.swift; path = MemoryTextWallDetailTableViewCell.swift; sourceTree = "<group>"; };
		457C4E7C2ABD908500DAD357 /* MemoryTapLikeTableViewCell.swift */ = {isa = PBXFileReference; lastKnownFileType = sourcecode.swift; path = MemoryTapLikeTableViewCell.swift; sourceTree = "<group>"; };
		457C4E7E2ABD909D00DAD357 /* MemoryWallDetailSortTableViewCell.swift */ = {isa = PBXFileReference; lastKnownFileType = sourcecode.swift; path = MemoryWallDetailSortTableViewCell.swift; sourceTree = "<group>"; };
		457C4E802ABD90B000DAD357 /* MemoryCommentTableViewCell.swift */ = {isa = PBXFileReference; lastKnownFileType = sourcecode.swift; path = MemoryCommentTableViewCell.swift; sourceTree = "<group>"; };
		457C4E822ABEAA5F00DAD357 /* CommentModel.swift */ = {isa = PBXFileReference; lastKnownFileType = sourcecode.swift; path = CommentModel.swift; sourceTree = "<group>"; };
		459552202AB44E2900A002C8 /* GoogleService-Info.plist */ = {isa = PBXFileReference; fileEncoding = 4; lastKnownFileType = text.plist.xml; path = "GoogleService-Info.plist"; sourceTree = "<group>"; };
		826B7CA5B2E1C66A4E635160 /* Pods-GoodThing.release.xcconfig */ = {isa = PBXFileReference; includeInIndex = 1; lastKnownFileType = text.xcconfig; name = "Pods-GoodThing.release.xcconfig"; path = "Target Support Files/Pods-GoodThing/Pods-GoodThing.release.xcconfig"; sourceTree = "<group>"; };
		A31360203529FBAE212A6E32 /* Pods_GoodThing.framework */ = {isa = PBXFileReference; explicitFileType = wrapper.framework; includeInIndex = 0; path = Pods_GoodThing.framework; sourceTree = BUILT_PRODUCTS_DIR; };
		D034242AB197283776C29B71 /* Pods-GoodThing.debug.xcconfig */ = {isa = PBXFileReference; includeInIndex = 1; lastKnownFileType = text.xcconfig; name = "Pods-GoodThing.debug.xcconfig"; path = "Target Support Files/Pods-GoodThing/Pods-GoodThing.debug.xcconfig"; sourceTree = "<group>"; };
/* End PBXFileReference section */

/* Begin PBXFrameworksBuildPhase section */
		451098E92AB35CBD000B3BD2 /* Frameworks */ = {
			isa = PBXFrameworksBuildPhase;
			buildActionMask = 2147483647;
			files = (
				663FC1D45246E13B52209590 /* Pods_GoodThing.framework in Frameworks */,
			);
			runOnlyForDeploymentPostprocessing = 0;
		};
/* End PBXFrameworksBuildPhase section */

/* Begin PBXGroup section */
		1FC0AA5EB51A231E6456262F /* Frameworks */ = {
			isa = PBXGroup;
			children = (
				A31360203529FBAE212A6E32 /* Pods_GoodThing.framework */,
			);
			name = Frameworks;
			sourceTree = "<group>";
		};
		451098E32AB35CBD000B3BD2 = {
			isa = PBXGroup;
			children = (
				451098EE2AB35CBD000B3BD2 /* GoodThing */,
				451098ED2AB35CBD000B3BD2 /* Products */,
				6444B4C7F11244551C7FBB32 /* Pods */,
				1FC0AA5EB51A231E6456262F /* Frameworks */,
			);
			sourceTree = "<group>";
		};
		451098ED2AB35CBD000B3BD2 /* Products */ = {
			isa = PBXGroup;
			children = (
				451098EC2AB35CBD000B3BD2 /* GoodThing.app */,
			);
			name = Products;
			sourceTree = "<group>";
		};
		451098EE2AB35CBD000B3BD2 /* GoodThing */ = {
			isa = PBXGroup;
			children = (
				45545BCD2AB97E8900749CFA /* NetWork */,
				454AA8072AB5848300D404EC /* Model */,
				454AA8082AB5849700D404EC /* View */,
				454AA8092AB584AE00D404EC /* Controller */,
				454AA80A2AB72DFB00D404EC /* Helper */,
				451098F82AB35CBE000B3BD2 /* Assets.xcassets */,
				451098FA2AB35CBE000B3BD2 /* LaunchScreen.storyboard */,
				451098FD2AB35CBE000B3BD2 /* Info.plist */,
				459552202AB44E2900A002C8 /* GoogleService-Info.plist */,
				451098EF2AB35CBD000B3BD2 /* AppDelegate.swift */,
				451098F12AB35CBD000B3BD2 /* SceneDelegate.swift */,
			);
			path = GoodThing;
			sourceTree = "<group>";
		};
		454AA8072AB5848300D404EC /* Model */ = {
			isa = PBXGroup;
			children = (
				454AA8052AB5804400D404EC /* TaskModel.swift */,
				45545BD02AB9A82700749CFA /* UserModel.swift */,
				45545BB22AB77E1100749CFA /* MemoryModel.swift */,
				457C4E822ABEAA5F00DAD357 /* CommentModel.swift */,
				45545BC02AB8175000749CFA /* GroupModel.swift */,
			);
			path = Model;
			sourceTree = "<group>";
		};
		454AA8082AB5849700D404EC /* View */ = {
			isa = PBXGroup;
			children = (
				451098F52AB35CBD000B3BD2 /* Main.storyboard */,
			);
			path = View;
			sourceTree = "<group>";
		};
		454AA8092AB584AE00D404EC /* Controller */ = {
			isa = PBXGroup;
			children = (
				45545BD52ABBEBF900749CFA /* MemoryWall */,
				45545BD22AB9A98B00749CFA /* User */,
				45545BC22AB818E300749CFA /* Group */,
				45545BB52AB77F5200749CFA /* Memory */,
				45545BB42AB77F4100749CFA /* Task */,
			);
			path = Controller;
			sourceTree = "<group>";
		};
		454AA80A2AB72DFB00D404EC /* Helper */ = {
			isa = PBXGroup;
			children = (
				454AA80B2AB72E2C00D404EC /* DateHelper.swift */,
			);
			path = Helper;
			sourceTree = "<group>";
		};
		45545BB42AB77F4100749CFA /* Task */ = {
			isa = PBXGroup;
			children = (
				451098F32AB35CBD000B3BD2 /* PostTaskViewController.swift */,
				4529A2702AC16B8D00B75409 /* PostPublicImageTasksPreviewViewController.swift */,
				4529A2722AC16BAC00B75409 /* PostPublicTextTasksPreviewViewController.swift */,
				454AA80D2AB7457B00D404EC /* FetchTaskViewController.swift */,
				451F106A2AC20E5600FB610D /* TasksViewController.swift */,
				451F106C2AC20ED100FB610D /* PairingTaskCollectionViewCell.swift */,
				451F10722AC21CA500FB610D /* ReplyTaskViewController.swift */,
				451F106E2AC20F7400FB610D /* ExclusiveTaskCollectionViewCell.swift */,
				451F10702AC20FC000FB610D /* ExclusiveTaskTableViewCell.swift */,
				45545BB02AB77A9A00749CFA /* TaskListTableViewCell.swift */,
			);
			path = Task;
			sourceTree = "<group>";
		};
		45545BB52AB77F5200749CFA /* Memory */ = {
			isa = PBXGroup;
			children = (
				45545BB82AB77FC400749CFA /* PostMemoryViewController.swift */,
				45545BBA2AB7856600749CFA /* FetchMemoryViewController.swift */,
				45545BBC2AB7F4F100749CFA /* PrivateMemoryTableViewCell.swift */,
				45545BBE2AB7F56800749CFA /* PublicMemoryTableViewCell.swift */,
			);
			path = Memory;
			sourceTree = "<group>";
		};
		45545BC22AB818E300749CFA /* Group */ = {
			isa = PBXGroup;
			children = (
				45545BC32AB8190400749CFA /* PostGroupViewController.swift */,
				45545BC52AB8374F00749CFA /* FetchGroupViewController.swift */,
				45545BC72AB839C000749CFA /* GroupsTableViewCell.swift */,
				45545BC92AB84B8B00749CFA /* DetailGroupViewController.swift */,
				45545BCB2AB84F8F00749CFA /* DetailGroupTableViewCell.swift */,
			);
			path = Group;
			sourceTree = "<group>";
		};
		45545BCD2AB97E8900749CFA /* NetWork */ = {
			isa = PBXGroup;
			children = (
				45545BCE2AB97FEE00749CFA /* MediaDownloader.swift */,
			);
			path = NetWork;
			sourceTree = "<group>";
		};
		45545BD22AB9A98B00749CFA /* User */ = {
			isa = PBXGroup;
			children = (
				45545BD32AB9BF9A00749CFA /* FriendListViewController.swift */,
			);
			path = User;
			sourceTree = "<group>";
		};
		45545BD52ABBEBF900749CFA /* MemoryWall */ = {
			isa = PBXGroup;
			children = (
				45545BD62ABC1C2E00749CFA /* GoodThingMemoryWallViewController.swift */,
				45545BD82ABC1D3D00749CFA /* MemoryImageWallTableViewCell.swift */,
				45545BDE2ABC46BD00749CFA /* MemoryImageWallCollectionViewCell.swift */,
				45545BDA2ABC1D9600749CFA /* MemoryTextWallTableViewCell.swift */,
				45545BDC2ABC469D00749CFA /* MemoryTextWallCollectionViewCell.swift */,
				457C4E6F2ABD650600DAD357 /* MemoryWallDetailPageViewController.swift */,
				457C4E732ABD857500DAD357 /* CustomPresentationController.swift */,
				457C4E712ABD68F300DAD357 /* CommentViewController.swift */,
				457C4E752ABD8C8F00DAD357 /* MemoryWallDetailPageTableViewCell */,
			);
			path = MemoryWall;
			sourceTree = "<group>";
		};
		457C4E752ABD8C8F00DAD357 /* MemoryWallDetailPageTableViewCell */ = {
			isa = PBXGroup;
			children = (
				457C4E762ABD8CB500DAD357 /* MemoryImageWallDetailTableViewCell.swift */,
				457C4E782ABD8D1100DAD357 /* MemoryTextWallDetailTableViewCell.swift */,
				457C4E7C2ABD908500DAD357 /* MemoryTapLikeTableViewCell.swift */,
				457C4E7E2ABD909D00DAD357 /* MemoryWallDetailSortTableViewCell.swift */,
				457C4E802ABD90B000DAD357 /* MemoryCommentTableViewCell.swift */,
			);
			path = MemoryWallDetailPageTableViewCell;
			sourceTree = "<group>";
		};
		6444B4C7F11244551C7FBB32 /* Pods */ = {
			isa = PBXGroup;
			children = (
				D034242AB197283776C29B71 /* Pods-GoodThing.debug.xcconfig */,
				826B7CA5B2E1C66A4E635160 /* Pods-GoodThing.release.xcconfig */,
			);
			path = Pods;
			sourceTree = "<group>";
		};
/* End PBXGroup section */

/* Begin PBXNativeTarget section */
		451098EB2AB35CBD000B3BD2 /* GoodThing */ = {
			isa = PBXNativeTarget;
			buildConfigurationList = 451099002AB35CBE000B3BD2 /* Build configuration list for PBXNativeTarget "GoodThing" */;
			buildPhases = (
				005B075DF3AE9E9E16DC4E3A /* [CP] Check Pods Manifest.lock */,
				451098E82AB35CBD000B3BD2 /* Sources */,
				451098E92AB35CBD000B3BD2 /* Frameworks */,
				451098EA2AB35CBD000B3BD2 /* Resources */,
				4595521B2AB386CD00A002C8 /* ShellScript */,
				D352F75D8D742102CCF2DDB0 /* [CP] Embed Pods Frameworks */,
			);
			buildRules = (
			);
			dependencies = (
			);
			name = GoodThing;
			productName = GoodThing;
			productReference = 451098EC2AB35CBD000B3BD2 /* GoodThing.app */;
			productType = "com.apple.product-type.application";
		};
/* End PBXNativeTarget section */

/* Begin PBXProject section */
		451098E42AB35CBD000B3BD2 /* Project object */ = {
			isa = PBXProject;
			attributes = {
				BuildIndependentTargetsInParallel = 1;
				LastSwiftUpdateCheck = 1430;
				LastUpgradeCheck = 1430;
				TargetAttributes = {
					451098EB2AB35CBD000B3BD2 = {
						CreatedOnToolsVersion = 14.3.1;
					};
				};
			};
			buildConfigurationList = 451098E72AB35CBD000B3BD2 /* Build configuration list for PBXProject "GoodThing" */;
			compatibilityVersion = "Xcode 14.0";
			developmentRegion = en;
			hasScannedForEncodings = 0;
			knownRegions = (
				en,
				Base,
			);
			mainGroup = 451098E32AB35CBD000B3BD2;
			productRefGroup = 451098ED2AB35CBD000B3BD2 /* Products */;
			projectDirPath = "";
			projectRoot = "";
			targets = (
				451098EB2AB35CBD000B3BD2 /* GoodThing */,
			);
		};
/* End PBXProject section */

/* Begin PBXResourcesBuildPhase section */
		451098EA2AB35CBD000B3BD2 /* Resources */ = {
			isa = PBXResourcesBuildPhase;
			buildActionMask = 2147483647;
			files = (
				451098FC2AB35CBE000B3BD2 /* LaunchScreen.storyboard in Resources */,
				459552212AB44E2900A002C8 /* GoogleService-Info.plist in Resources */,
				451098F92AB35CBE000B3BD2 /* Assets.xcassets in Resources */,
				451098F72AB35CBD000B3BD2 /* Main.storyboard in Resources */,
			);
			runOnlyForDeploymentPostprocessing = 0;
		};
/* End PBXResourcesBuildPhase section */

/* Begin PBXShellScriptBuildPhase section */
		005B075DF3AE9E9E16DC4E3A /* [CP] Check Pods Manifest.lock */ = {
			isa = PBXShellScriptBuildPhase;
			buildActionMask = 2147483647;
			files = (
			);
			inputFileListPaths = (
			);
			inputPaths = (
				"${PODS_PODFILE_DIR_PATH}/Podfile.lock",
				"${PODS_ROOT}/Manifest.lock",
			);
			name = "[CP] Check Pods Manifest.lock";
			outputFileListPaths = (
			);
			outputPaths = (
				"$(DERIVED_FILE_DIR)/Pods-GoodThing-checkManifestLockResult.txt",
			);
			runOnlyForDeploymentPostprocessing = 0;
			shellPath = /bin/sh;
			shellScript = "diff \"${PODS_PODFILE_DIR_PATH}/Podfile.lock\" \"${PODS_ROOT}/Manifest.lock\" > /dev/null\nif [ $? != 0 ] ; then\n    # print error to STDERR\n    echo \"error: The sandbox is not in sync with the Podfile.lock. Run 'pod install' or update your CocoaPods installation.\" >&2\n    exit 1\nfi\n# This output is used by Xcode 'outputs' to avoid re-running this script phase.\necho \"SUCCESS\" > \"${SCRIPT_OUTPUT_FILE_0}\"\n";
			showEnvVarsInLog = 0;
		};
		4595521B2AB386CD00A002C8 /* ShellScript */ = {
			isa = PBXShellScriptBuildPhase;
			buildActionMask = 2147483647;
			files = (
			);
			inputFileListPaths = (
			);
			inputPaths = (
			);
			outputFileListPaths = (
			);
			outputPaths = (
			);
			runOnlyForDeploymentPostprocessing = 0;
			shellPath = /bin/sh;
			shellScript = "\"${PODS_ROOT}/SwiftLint/swiftlint\"\n";
		};
		D352F75D8D742102CCF2DDB0 /* [CP] Embed Pods Frameworks */ = {
			isa = PBXShellScriptBuildPhase;
			buildActionMask = 2147483647;
			files = (
			);
			inputFileListPaths = (
				"${PODS_ROOT}/Target Support Files/Pods-GoodThing/Pods-GoodThing-frameworks-${CONFIGURATION}-input-files.xcfilelist",
			);
			name = "[CP] Embed Pods Frameworks";
			outputFileListPaths = (
				"${PODS_ROOT}/Target Support Files/Pods-GoodThing/Pods-GoodThing-frameworks-${CONFIGURATION}-output-files.xcfilelist",
			);
			runOnlyForDeploymentPostprocessing = 0;
			shellPath = /bin/sh;
			shellScript = "\"${PODS_ROOT}/Target Support Files/Pods-GoodThing/Pods-GoodThing-frameworks.sh\"\n";
			showEnvVarsInLog = 0;
		};
/* End PBXShellScriptBuildPhase section */

/* Begin PBXSourcesBuildPhase section */
		451098E82AB35CBD000B3BD2 /* Sources */ = {
			isa = PBXSourcesBuildPhase;
			buildActionMask = 2147483647;
			files = (
				457C4E722ABD68F300DAD357 /* CommentViewController.swift in Sources */,
				457C4E792ABD8D1100DAD357 /* MemoryTextWallDetailTableViewCell.swift in Sources */,
				45545BBB2AB7856600749CFA /* FetchMemoryViewController.swift in Sources */,
				45545BBF2AB7F56800749CFA /* PublicMemoryTableViewCell.swift in Sources */,
				454AA80C2AB72E2C00D404EC /* DateHelper.swift in Sources */,
				45545BD72ABC1C2E00749CFA /* GoodThingMemoryWallViewController.swift in Sources */,
				457C4E702ABD650600DAD357 /* MemoryWallDetailPageViewController.swift in Sources */,
				451098F42AB35CBD000B3BD2 /* PostTaskViewController.swift in Sources */,
				457C4E742ABD857500DAD357 /* CustomPresentationController.swift in Sources */,
				457C4E812ABD90B000DAD357 /* MemoryCommentTableViewCell.swift in Sources */,
				45545BDF2ABC46BD00749CFA /* MemoryImageWallCollectionViewCell.swift in Sources */,
				45545BB92AB77FC400749CFA /* PostMemoryViewController.swift in Sources */,
				451F10732AC21CA500FB610D /* ReplyTaskViewController.swift in Sources */,
				45545BCF2AB97FEE00749CFA /* MediaDownloader.swift in Sources */,
				454AA80E2AB7457B00D404EC /* FetchTaskViewController.swift in Sources */,
				451098F02AB35CBD000B3BD2 /* AppDelegate.swift in Sources */,
				451F106B2AC20E5600FB610D /* TasksViewController.swift in Sources */,
				457C4E7D2ABD908500DAD357 /* MemoryTapLikeTableViewCell.swift in Sources */,
				45545BC82AB839C000749CFA /* GroupsTableViewCell.swift in Sources */,
				457C4E7F2ABD909D00DAD357 /* MemoryWallDetailSortTableViewCell.swift in Sources */,
				45545BCC2AB84F8F00749CFA /* DetailGroupTableViewCell.swift in Sources */,
				454AA8062AB5804400D404EC /* TaskModel.swift in Sources */,
				45545BD42AB9BF9A00749CFA /* FriendListViewController.swift in Sources */,
				451098F22AB35CBD000B3BD2 /* SceneDelegate.swift in Sources */,
				45545BD12AB9A82700749CFA /* UserModel.swift in Sources */,
				451F106D2AC20ED100FB610D /* PairingTaskCollectionViewCell.swift in Sources */,
				457C4E772ABD8CB500DAD357 /* MemoryImageWallDetailTableViewCell.swift in Sources */,
				4529A2732AC16BAC00B75409 /* PostPublicTextTasksPreviewViewController.swift in Sources */,
				45545BC12AB8175000749CFA /* GroupModel.swift in Sources */,
				45545BC42AB8190400749CFA /* PostGroupViewController.swift in Sources */,
				45545BBD2AB7F4F100749CFA /* PrivateMemoryTableViewCell.swift in Sources */,
				45545BB32AB77E1100749CFA /* MemoryModel.swift in Sources */,
				45545BDD2ABC469D00749CFA /* MemoryTextWallCollectionViewCell.swift in Sources */,
				4529A2712AC16B8D00B75409 /* PostPublicImageTasksPreviewViewController.swift in Sources */,
				45545BC62AB8374F00749CFA /* FetchGroupViewController.swift in Sources */,
				451F106F2AC20F7400FB610D /* ExclusiveTaskCollectionViewCell.swift in Sources */,
				45545BB12AB77A9A00749CFA /* TaskListTableViewCell.swift in Sources */,
				45545BCA2AB84B8B00749CFA /* DetailGroupViewController.swift in Sources */,
				457C4E832ABEAA5F00DAD357 /* CommentModel.swift in Sources */,
				45545BD92ABC1D3D00749CFA /* MemoryImageWallTableViewCell.swift in Sources */,
				451F10712AC20FC000FB610D /* ExclusiveTaskTableViewCell.swift in Sources */,
				45545BDB2ABC1D9600749CFA /* MemoryTextWallTableViewCell.swift in Sources */,
			);
			runOnlyForDeploymentPostprocessing = 0;
		};
/* End PBXSourcesBuildPhase section */

/* Begin PBXVariantGroup section */
		451098F52AB35CBD000B3BD2 /* Main.storyboard */ = {
			isa = PBXVariantGroup;
			children = (
				451098F62AB35CBD000B3BD2 /* Base */,
			);
			name = Main.storyboard;
			sourceTree = "<group>";
		};
		451098FA2AB35CBE000B3BD2 /* LaunchScreen.storyboard */ = {
			isa = PBXVariantGroup;
			children = (
				451098FB2AB35CBE000B3BD2 /* Base */,
			);
			name = LaunchScreen.storyboard;
			sourceTree = "<group>";
		};
/* End PBXVariantGroup section */

/* Begin XCBuildConfiguration section */
		451098FE2AB35CBE000B3BD2 /* Debug */ = {
			isa = XCBuildConfiguration;
			buildSettings = {
				ALWAYS_SEARCH_USER_PATHS = NO;
				CLANG_ANALYZER_NONNULL = YES;
				CLANG_ANALYZER_NUMBER_OBJECT_CONVERSION = YES_AGGRESSIVE;
				CLANG_CXX_LANGUAGE_STANDARD = "gnu++20";
				CLANG_ENABLE_MODULES = YES;
				CLANG_ENABLE_OBJC_ARC = YES;
				CLANG_ENABLE_OBJC_WEAK = YES;
				CLANG_WARN_BLOCK_CAPTURE_AUTORELEASING = YES;
				CLANG_WARN_BOOL_CONVERSION = YES;
				CLANG_WARN_COMMA = YES;
				CLANG_WARN_CONSTANT_CONVERSION = YES;
				CLANG_WARN_DEPRECATED_OBJC_IMPLEMENTATIONS = YES;
				CLANG_WARN_DIRECT_OBJC_ISA_USAGE = YES_ERROR;
				CLANG_WARN_DOCUMENTATION_COMMENTS = YES;
				CLANG_WARN_EMPTY_BODY = YES;
				CLANG_WARN_ENUM_CONVERSION = YES;
				CLANG_WARN_INFINITE_RECURSION = YES;
				CLANG_WARN_INT_CONVERSION = YES;
				CLANG_WARN_NON_LITERAL_NULL_CONVERSION = YES;
				CLANG_WARN_OBJC_IMPLICIT_RETAIN_SELF = YES;
				CLANG_WARN_OBJC_LITERAL_CONVERSION = YES;
				CLANG_WARN_OBJC_ROOT_CLASS = YES_ERROR;
				CLANG_WARN_QUOTED_INCLUDE_IN_FRAMEWORK_HEADER = YES;
				CLANG_WARN_RANGE_LOOP_ANALYSIS = YES;
				CLANG_WARN_STRICT_PROTOTYPES = YES;
				CLANG_WARN_SUSPICIOUS_MOVE = YES;
				CLANG_WARN_UNGUARDED_AVAILABILITY = YES_AGGRESSIVE;
				CLANG_WARN_UNREACHABLE_CODE = YES;
				CLANG_WARN__DUPLICATE_METHOD_MATCH = YES;
				COPY_PHASE_STRIP = NO;
				DEBUG_INFORMATION_FORMAT = dwarf;
				ENABLE_STRICT_OBJC_MSGSEND = YES;
				ENABLE_TESTABILITY = YES;
				GCC_C_LANGUAGE_STANDARD = gnu11;
				GCC_DYNAMIC_NO_PIC = NO;
				GCC_NO_COMMON_BLOCKS = YES;
				GCC_OPTIMIZATION_LEVEL = 0;
				GCC_PREPROCESSOR_DEFINITIONS = (
					"DEBUG=1",
					"$(inherited)",
				);
				GCC_WARN_64_TO_32_BIT_CONVERSION = YES;
				GCC_WARN_ABOUT_RETURN_TYPE = YES_ERROR;
				GCC_WARN_UNDECLARED_SELECTOR = YES;
				GCC_WARN_UNINITIALIZED_AUTOS = YES_AGGRESSIVE;
				GCC_WARN_UNUSED_FUNCTION = YES;
				GCC_WARN_UNUSED_VARIABLE = YES;
				IPHONEOS_DEPLOYMENT_TARGET = 16.4;
				MTL_ENABLE_DEBUG_INFO = INCLUDE_SOURCE;
				MTL_FAST_MATH = YES;
				ONLY_ACTIVE_ARCH = YES;
				SDKROOT = iphoneos;
				SWIFT_ACTIVE_COMPILATION_CONDITIONS = DEBUG;
				SWIFT_OPTIMIZATION_LEVEL = "-Onone";
			};
			name = Debug;
		};
		451098FF2AB35CBE000B3BD2 /* Release */ = {
			isa = XCBuildConfiguration;
			buildSettings = {
				ALWAYS_SEARCH_USER_PATHS = NO;
				CLANG_ANALYZER_NONNULL = YES;
				CLANG_ANALYZER_NUMBER_OBJECT_CONVERSION = YES_AGGRESSIVE;
				CLANG_CXX_LANGUAGE_STANDARD = "gnu++20";
				CLANG_ENABLE_MODULES = YES;
				CLANG_ENABLE_OBJC_ARC = YES;
				CLANG_ENABLE_OBJC_WEAK = YES;
				CLANG_WARN_BLOCK_CAPTURE_AUTORELEASING = YES;
				CLANG_WARN_BOOL_CONVERSION = YES;
				CLANG_WARN_COMMA = YES;
				CLANG_WARN_CONSTANT_CONVERSION = YES;
				CLANG_WARN_DEPRECATED_OBJC_IMPLEMENTATIONS = YES;
				CLANG_WARN_DIRECT_OBJC_ISA_USAGE = YES_ERROR;
				CLANG_WARN_DOCUMENTATION_COMMENTS = YES;
				CLANG_WARN_EMPTY_BODY = YES;
				CLANG_WARN_ENUM_CONVERSION = YES;
				CLANG_WARN_INFINITE_RECURSION = YES;
				CLANG_WARN_INT_CONVERSION = YES;
				CLANG_WARN_NON_LITERAL_NULL_CONVERSION = YES;
				CLANG_WARN_OBJC_IMPLICIT_RETAIN_SELF = YES;
				CLANG_WARN_OBJC_LITERAL_CONVERSION = YES;
				CLANG_WARN_OBJC_ROOT_CLASS = YES_ERROR;
				CLANG_WARN_QUOTED_INCLUDE_IN_FRAMEWORK_HEADER = YES;
				CLANG_WARN_RANGE_LOOP_ANALYSIS = YES;
				CLANG_WARN_STRICT_PROTOTYPES = YES;
				CLANG_WARN_SUSPICIOUS_MOVE = YES;
				CLANG_WARN_UNGUARDED_AVAILABILITY = YES_AGGRESSIVE;
				CLANG_WARN_UNREACHABLE_CODE = YES;
				CLANG_WARN__DUPLICATE_METHOD_MATCH = YES;
				COPY_PHASE_STRIP = NO;
				DEBUG_INFORMATION_FORMAT = "dwarf-with-dsym";
				ENABLE_NS_ASSERTIONS = NO;
				ENABLE_STRICT_OBJC_MSGSEND = YES;
				GCC_C_LANGUAGE_STANDARD = gnu11;
				GCC_NO_COMMON_BLOCKS = YES;
				GCC_WARN_64_TO_32_BIT_CONVERSION = YES;
				GCC_WARN_ABOUT_RETURN_TYPE = YES_ERROR;
				GCC_WARN_UNDECLARED_SELECTOR = YES;
				GCC_WARN_UNINITIALIZED_AUTOS = YES_AGGRESSIVE;
				GCC_WARN_UNUSED_FUNCTION = YES;
				GCC_WARN_UNUSED_VARIABLE = YES;
				IPHONEOS_DEPLOYMENT_TARGET = 16.4;
				MTL_ENABLE_DEBUG_INFO = NO;
				MTL_FAST_MATH = YES;
				SDKROOT = iphoneos;
				SWIFT_COMPILATION_MODE = wholemodule;
				SWIFT_OPTIMIZATION_LEVEL = "-O";
				VALIDATE_PRODUCT = YES;
			};
			name = Release;
		};
		451099012AB35CBE000B3BD2 /* Debug */ = {
			isa = XCBuildConfiguration;
			baseConfigurationReference = D034242AB197283776C29B71 /* Pods-GoodThing.debug.xcconfig */;
			buildSettings = {
				ASSETCATALOG_COMPILER_APPICON_NAME = AppIcon;
				ASSETCATALOG_COMPILER_GLOBAL_ACCENT_COLOR_NAME = AccentColor;
				CODE_SIGN_STYLE = Automatic;
				CURRENT_PROJECT_VERSION = 1;
				DEVELOPMENT_TEAM = AVYQMB3ZB3;
				GENERATE_INFOPLIST_FILE = YES;
				INFOPLIST_FILE = GoodThing/Info.plist;
				INFOPLIST_KEY_UIApplicationSupportsIndirectInputEvents = YES;
				INFOPLIST_KEY_UILaunchStoryboardName = LaunchScreen;
				INFOPLIST_KEY_UIMainStoryboardFile = Main;
				INFOPLIST_KEY_UISupportedInterfaceOrientations_iPad = "UIInterfaceOrientationPortrait UIInterfaceOrientationPortraitUpsideDown UIInterfaceOrientationLandscapeLeft UIInterfaceOrientationLandscapeRight";
				INFOPLIST_KEY_UISupportedInterfaceOrientations_iPhone = "UIInterfaceOrientationPortrait UIInterfaceOrientationLandscapeLeft UIInterfaceOrientationLandscapeRight";
				IPHONEOS_DEPLOYMENT_TARGET = 15;
				LD_RUNPATH_SEARCH_PATHS = (
					"$(inherited)",
					"@executable_path/Frameworks",
				);
				MARKETING_VERSION = 0.1.0;
				PRODUCT_BUNDLE_IDENTIFIER = AaronTsai.GoodThing;
				PRODUCT_NAME = "$(TARGET_NAME)";
				SWIFT_EMIT_LOC_STRINGS = YES;
				SWIFT_VERSION = 5.0;
				TARGETED_DEVICE_FAMILY = "1,2";
			};
			name = Debug;
		};
		451099022AB35CBE000B3BD2 /* Release */ = {
			isa = XCBuildConfiguration;
			baseConfigurationReference = 826B7CA5B2E1C66A4E635160 /* Pods-GoodThing.release.xcconfig */;
			buildSettings = {
				ASSETCATALOG_COMPILER_APPICON_NAME = AppIcon;
				ASSETCATALOG_COMPILER_GLOBAL_ACCENT_COLOR_NAME = AccentColor;
				CODE_SIGN_STYLE = Automatic;
				CURRENT_PROJECT_VERSION = 1;
				DEVELOPMENT_TEAM = AVYQMB3ZB3;
				GENERATE_INFOPLIST_FILE = YES;
				INFOPLIST_FILE = GoodThing/Info.plist;
				INFOPLIST_KEY_UIApplicationSupportsIndirectInputEvents = YES;
				INFOPLIST_KEY_UILaunchStoryboardName = LaunchScreen;
				INFOPLIST_KEY_UIMainStoryboardFile = Main;
				INFOPLIST_KEY_UISupportedInterfaceOrientations_iPad = "UIInterfaceOrientationPortrait UIInterfaceOrientationPortraitUpsideDown UIInterfaceOrientationLandscapeLeft UIInterfaceOrientationLandscapeRight";
				INFOPLIST_KEY_UISupportedInterfaceOrientations_iPhone = "UIInterfaceOrientationPortrait UIInterfaceOrientationLandscapeLeft UIInterfaceOrientationLandscapeRight";
				IPHONEOS_DEPLOYMENT_TARGET = 15;
				LD_RUNPATH_SEARCH_PATHS = (
					"$(inherited)",
					"@executable_path/Frameworks",
				);
				MARKETING_VERSION = 0.1.0;
				PRODUCT_BUNDLE_IDENTIFIER = AaronTsai.GoodThing;
				PRODUCT_NAME = "$(TARGET_NAME)";
				SWIFT_EMIT_LOC_STRINGS = YES;
				SWIFT_VERSION = 5.0;
				TARGETED_DEVICE_FAMILY = "1,2";
			};
			name = Release;
		};
/* End XCBuildConfiguration section */

/* Begin XCConfigurationList section */
		451098E72AB35CBD000B3BD2 /* Build configuration list for PBXProject "GoodThing" */ = {
			isa = XCConfigurationList;
			buildConfigurations = (
				451098FE2AB35CBE000B3BD2 /* Debug */,
				451098FF2AB35CBE000B3BD2 /* Release */,
			);
			defaultConfigurationIsVisible = 0;
			defaultConfigurationName = Release;
		};
		451099002AB35CBE000B3BD2 /* Build configuration list for PBXNativeTarget "GoodThing" */ = {
			isa = XCConfigurationList;
			buildConfigurations = (
				451099012AB35CBE000B3BD2 /* Debug */,
				451099022AB35CBE000B3BD2 /* Release */,
			);
			defaultConfigurationIsVisible = 0;
			defaultConfigurationName = Release;
		};
/* End XCConfigurationList section */
	};
	rootObject = 451098E42AB35CBD000B3BD2 /* Project object */;
}
